
Microsoft Visual Studio Solution File, Format Version 12.00
# Visual Studio Version 17
VisualStudioVersion = 17.12.35506.116
MinimumVisualStudioVersion = 10.0.40219.1
Project("{FAE04EC0-301F-11D3-BF4B-00C04F79EFBC}") = "AuthServiceLibrary", "AuthServiceLibrary\AuthServiceLibrary.csproj", "{8615EA55-302E-4940-BCDC-DE7A0BFE7339}"
EndProject
Project("{FAE04EC0-301F-11D3-BF4B-00C04F79EFBC}") = "AuthenticationTestMVC", "AuthenticationTestMVC\AuthenticationTestMVC.csproj", "{95ECF083-6EDA-40D4-A440-940DAFF06CB9}"
EndProject
Project("{FAE04EC0-301F-11D3-BF4B-00C04F79EFBC}") = "AuthenticationTestApi", "AuthenticationTestApi\AuthenticationTestApi.csproj", "{E2507FCA-BAF7-4E49-9E57-3508E6680CD4}"
EndProject
Project("{54A90642-561A-4BB1-A94E-469ADEE60C69}") = "AuthenticationTestAngular", "AuthenticationTestAngular\AuthenticationTestAngular.esproj", "{9EE4829E-362E-4921-A68A-C4585A510828}"
EndProject
Project("{54A90642-561A-4BB1-A94E-469ADEE60C69}") = "authenticationtestreact", "AuthenticationTestReact\authenticationtestreact.esproj", "{F1E01699-DBE0-4E89-B656-82F99EB8DAA0}"
EndProject
Project("{FAE04EC0-301F-11D3-BF4B-00C04F79EFBC}") = "EmailService", "EmailService\EmailService.csproj", "{4C365F04-0E03-4831-A5E8-022349B7154C}"
EndProject
Global
	GlobalSection(SolutionConfigurationPlatforms) = preSolution
		Debug|Any CPU = Debug|Any CPU
		Release|Any CPU = Release|Any CPU
	EndGlobalSection
	GlobalSection(ProjectConfigurationPlatforms) = postSolution
		{8615EA55-302E-4940-BCDC-DE7A0BFE7339}.Debug|Any CPU.ActiveCfg = Debug|Any CPU
		{8615EA55-302E-4940-BCDC-DE7A0BFE7339}.Debug|Any CPU.Build.0 = Debug|Any CPU
		{8615EA55-302E-4940-BCDC-DE7A0BFE7339}.Release|Any CPU.ActiveCfg = Release|Any CPU
		{8615EA55-302E-4940-BCDC-DE7A0BFE7339}.Release|Any CPU.Build.0 = Release|Any CPU
		{95ECF083-6EDA-40D4-A440-940DAFF06CB9}.Debug|Any CPU.ActiveCfg = Debug|Any CPU
		{95ECF083-6EDA-40D4-A440-940DAFF06CB9}.Debug|Any CPU.Build.0 = Debug|Any CPU
		{95ECF083-6EDA-40D4-A440-940DAFF06CB9}.Release|Any CPU.ActiveCfg = Release|Any CPU
		{95ECF083-6EDA-40D4-A440-940DAFF06CB9}.Release|Any CPU.Build.0 = Release|Any CPU
		{E2507FCA-BAF7-4E49-9E57-3508E6680CD4}.Debug|Any CPU.ActiveCfg = Debug|Any CPU
		{E2507FCA-BAF7-4E49-9E57-3508E6680CD4}.Debug|Any CPU.Build.0 = Debug|Any CPU
		{E2507FCA-BAF7-4E49-9E57-3508E6680CD4}.Release|Any CPU.ActiveCfg = Release|Any CPU
		{E2507FCA-BAF7-4E49-9E57-3508E6680CD4}.Release|Any CPU.Build.0 = Release|Any CPU
		{9EE4829E-362E-4921-A68A-C4585A510828}.Debug|Any CPU.ActiveCfg = Debug|Any CPU
		{9EE4829E-362E-4921-A68A-C4585A510828}.Debug|Any CPU.Build.0 = Debug|Any CPU
		{9EE4829E-362E-4921-A68A-C4585A510828}.Debug|Any CPU.Deploy.0 = Debug|Any CPU
		{9EE4829E-362E-4921-A68A-C4585A510828}.Release|Any CPU.ActiveCfg = Release|Any CPU
		{9EE4829E-362E-4921-A68A-C4585A510828}.Release|Any CPU.Build.0 = Release|Any CPU
		{9EE4829E-362E-4921-A68A-C4585A510828}.Release|Any CPU.Deploy.0 = Release|Any CPU
		{F1E01699-DBE0-4E89-B656-82F99EB8DAA0}.Debug|Any CPU.ActiveCfg = Debug|Any CPU
		{F1E01699-DBE0-4E89-B656-82F99EB8DAA0}.Debug|Any CPU.Build.0 = Debug|Any CPU
		{F1E01699-DBE0-4E89-B656-82F99EB8DAA0}.Debug|Any CPU.Deploy.0 = Debug|Any CPU
		{F1E01699-DBE0-4E89-B656-82F99EB8DAA0}.Release|Any CPU.ActiveCfg = Release|Any CPU
		{F1E01699-DBE0-4E89-B656-82F99EB8DAA0}.Release|Any CPU.Build.0 = Release|Any CPU
		{F1E01699-DBE0-4E89-B656-82F99EB8DAA0}.Release|Any CPU.Deploy.0 = Release|Any CPU
		{4C365F04-0E03-4831-A5E8-022349B7154C}.Debug|Any CPU.ActiveCfg = Debug|Any CPU
		{4C365F04-0E03-4831-A5E8-022349B7154C}.Debug|Any CPU.Build.0 = Debug|Any CPU
		{4C365F04-0E03-4831-A5E8-022349B7154C}.Release|Any CPU.ActiveCfg = Release|Any CPU
		{4C365F04-0E03-4831-A5E8-022349B7154C}.Release|Any CPU.Build.0 = Release|Any CPU
	EndGlobalSection
	GlobalSection(SolutionProperties) = preSolution
		HideSolutionNode = FALSE
	EndGlobalSection
EndGlobal
