
Microsoft Visual Studio Solution File, Format Version 12.00
# Visual Studio Version 17
VisualStudioVersion = 17.12.35506.116 d17.12
MinimumVisualStudioVersion = 10.0.40219.1
Project("{FAE04EC0-301F-11D3-BF4B-00C04F79EFBC}") = "AuthServiceLibrary", "AuthServiceLibrary\AuthServiceLibrary.csproj", "{8615EA55-302E-4940-BCDC-DE7A0BFE7339}"
EndProject
Project("{FAE04EC0-301F-11D3-BF4B-00C04F79EFBC}") = "AuthenticationTestMVC", "AuthenticationTestMVC\AuthenticationTestMVC.csproj", "{95ECF083-6EDA-40D4-A440-940DAFF06CB9}"
EndProject
Project("{FAE04EC0-301F-11D3-BF4B-00C04F79EFBC}") = "AuthTestLib", "AuthTestLib\AuthTestLib.csproj", "{C3ADA3E7-641D-4AB3-B7B0-9D80AAC34103}"
EndProject
Global
	GlobalSection(SolutionConfigurationPlatforms) = preSolution
		Debug|Any CPU = Debug|Any CPU
		Release|Any CPU = Release|Any CPU
	EndGlobalSection
	GlobalSection(ProjectConfigurationPlatforms) = postSolution
		{8615EA55-302E-4940-BCDC-DE7A0BFE7339}.Debug|Any CPU.ActiveCfg = Debug|Any CPU
		{8615EA55-302E-4940-BCDC-DE7A0BFE7339}.Debug|Any CPU.Build.0 = Debug|Any CPU
		{8615EA55-302E-4940-BCDC-DE7A0BFE7339}.Release|Any CPU.ActiveCfg = Release|Any CPU
		{8615EA55-302E-4940-BCDC-DE7A0BFE7339}.Release|Any CPU.Build.0 = Release|Any CPU
		{95ECF083-6EDA-40D4-A440-940DAFF06CB9}.Debug|Any CPU.ActiveCfg = Debug|Any CPU
		{95ECF083-6EDA-40D4-A440-940DAFF06CB9}.Debug|Any CPU.Build.0 = Debug|Any CPU
		{95ECF083-6EDA-40D4-A440-940DAFF06CB9}.Release|Any CPU.ActiveCfg = Release|Any CPU
		{95ECF083-6EDA-40D4-A440-940DAFF06CB9}.Release|Any CPU.Build.0 = Release|Any CPU
		{C3ADA3E7-641D-4AB3-B7B0-9D80AAC34103}.Debug|Any CPU.ActiveCfg = Debug|Any CPU
		{C3ADA3E7-641D-4AB3-B7B0-9D80AAC34103}.Debug|Any CPU.Build.0 = Debug|Any CPU
		{C3ADA3E7-641D-4AB3-B7B0-9D80AAC34103}.Release|Any CPU.ActiveCfg = Release|Any CPU
		{C3ADA3E7-641D-4AB3-B7B0-9D80AAC34103}.Release|Any CPU.Build.0 = Release|Any CPU
	EndGlobalSection
	GlobalSection(SolutionProperties) = preSolution
		HideSolutionNode = FALSE
	EndGlobalSection
EndGlobal
